# This file is autogenerated, do not edit; changes may be undone by the next 'dep ensure'.


[[projects]]
  branch = "master"
  digest = "1:174cfc45f3f3e0f24f4bc3d2c80d8bcd4c02e274f9a0c4e7fcb6ff3273c0eeee"
  name = "github.com/Pallinder/sillyname-go"
  packages = ["."]
  pruneopts = ""
  revision = "97aeae9e6ba11ec62a40cf8b6b4bc42116c0a303"

[[projects]]
  digest = "1:65c9e58c85d0791b146dc7f4387330329204a70fb34532e7ffce71a2f04f59a2"
  name = "github.com/gdamore/encoding"
  packages = ["."]
  pruneopts = ""
  revision = "6289cdc94c00ac4aa177771c5fce7af2f96b626d"
  version = "v1.0.0"

[[projects]]
  digest = "1:32fbb94c71dea82de77d99d2a639213770be32994cae305da694106d6b650174"
  name = "github.com/gdamore/tcell"
  packages = [
    ".",
    "terminfo",
  ]
  pruneopts = ""
  revision = "aaadc574a6ed8dc3abe56036ca130dcee1ee6b6e"
  version = "v1.1.1"

[[projects]]
  branch = "master"
  digest = "1:d3d38150b6d77b2aad42a9e105170538b6563518993d43df78a1add6e31cce62"
  name = "github.com/golang/protobuf"
  packages = [
    "proto",
    "ptypes/timestamp",
  ]
  pruneopts = ""
  revision = "c823c79ea1570fb5ff454033735a8e68575d1d0f"

[[projects]]
  branch = "master"
  digest = "1:ca966c7bd86e28846692bb7d0cfed9eebecedd4d9663e5c01c5d63706d76a6e7"
  name = "github.com/google/logger"
  packages = ["."]
  pruneopts = ""
  revision = "324a7c096a0d1041e2766b42187908af70e4f723"

[[projects]]
  digest = "1:863ba095ae0954100963826333bd1503c169424bb798d9ce800d9f6651f4c234"
  name = "github.com/lucasb-eyer/go-colorful"
  packages = ["."]
  pruneopts = ""
  revision = "345fbb3dbcdb252d9985ee899a84963c0fa24c82"
  version = "v1.0"

[[projects]]
  branch = "master"
  digest = "1:2fc695335969cd38266bd29c0d718f06edf9328b305e0cce0e117b673695c73c"
  name = "github.com/marcusolsson/tui-go"
  packages = [
    ".",
    "wordwrap",
  ]
  pruneopts = ""
  revision = "4bb09120fbbb8b6e7d44d802f1e66f78bb4650a0"

[[projects]]
  digest = "1:84c28d9899cc4e00c38042d345cea8819275a5a62403a58530cac67022894776"
  name = "github.com/mattn/go-runewidth"
  packages = ["."]
  pruneopts = ""
  revision = "3ee7d812e62a0804a7d0a324e0249ca2db3476d3"
  version = "v0.0.4"

[[projects]]
  digest = "1:713b341855f1480e4baca1e7c5434e1d266441340685ecbde32d59bdc065fb3f"
  name = "github.com/mitchellh/go-wordwrap"
  packages = ["."]
  pruneopts = ""
  revision = "9e67c67572bc5dd02aef930e2b0ae3c02a4b5a5c"
  version = "v1.0.0"

[[projects]]
  branch = "master"
  digest = "1:9d78da88d0041a08dc40d2ce157f710bc0d4f8dd85633bce71f7da142dc38961"
  name = "github.com/pebbe/zmq4"
  packages = ["."]
  pruneopts = ""
  revision = "7a493a642e7acbd03045d4f5fe9516908a62f86f"

[[projects]]
  branch = "master"
  digest = "1:489610147902fe0c7229218c749bb25a8a9ecce0d726ae4f8662517319f32554"
  name = "golang.org/x/sys"
  packages = [
    "windows",
    "windows/registry",
    "windows/svc/eventlog",
  ]
  pruneopts = ""
  revision = "41f3e6584952bb034a481797859f6ab34b6803bd"

[[projects]]
  digest = "1:5acd3512b047305d49e8763eef7ba423901e85d5dd2fd1e71778a0ea8de10bd4"
  name = "golang.org/x/text"
  packages = [
    "encoding",
    "encoding/internal/identifier",
    "internal/gen",
    "transform",
    "unicode/cldr",
  ]
  pruneopts = ""
  revision = "f21a4dfb5e38f5895301dc265a8def02365cc3d0"
  version = "v0.3.0"

[solve-meta]
  analyzer-name = "dep"
  analyzer-version = 1
  input-imports = [
    "github.com/Pallinder/sillyname-go",
    "github.com/golang/protobuf/proto",
    "github.com/golang/protobuf/ptypes/timestamp",
    "github.com/google/logger",
    "github.com/marcusolsson/tui-go",
    "github.com/pebbe/zmq4",
  ]
  solver-name = "gps-cdcl"
  solver-version = 1
